
Microsoft Visual Studio Solution File, Format Version 12.00
# Visual Studio Version 16
VisualStudioVersion = 16.0.30114.105
MinimumVisualStudioVersion = 10.0.40219.1
Project("{FAE04EC0-301F-11D3-BF4B-00C04F79EFBC}") = "WebApi", "WebApi\WebApi.csproj", "{D0E8E032-AE8A-47EA-A0AB-9C3BBE16597A}"
EndProject
Project("{2150E333-8FDC-42A3-9474-1A3956D46DE8}") = "Solution items", "Solution items", "{3FC010B4-4647-4525-BEE0-0337DAE6F984}"
	ProjectSection(SolutionItems) = preProject
		Dockerfile = Dockerfile
		service.yaml = service.yaml
		deployment.yaml = deployment.yaml
		history.txt = history.txt
	EndProjectSection
EndProject
Global
	GlobalSection(SolutionConfigurationPlatforms) = preSolution
		Debug|Any CPU = Debug|Any CPU
		Release|Any CPU = Release|Any CPU
	EndGlobalSection
	GlobalSection(SolutionProperties) = preSolution
		HideSolutionNode = FALSE
	EndGlobalSection
	GlobalSection(ProjectConfigurationPlatforms) = postSolution
		{D0E8E032-AE8A-47EA-A0AB-9C3BBE16597A}.Debug|Any CPU.ActiveCfg = Debug|Any CPU
		{D0E8E032-AE8A-47EA-A0AB-9C3BBE16597A}.Debug|Any CPU.Build.0 = Debug|Any CPU
		{D0E8E032-AE8A-47EA-A0AB-9C3BBE16597A}.Release|Any CPU.ActiveCfg = Release|Any CPU
		{D0E8E032-AE8A-47EA-A0AB-9C3BBE16597A}.Release|Any CPU.Build.0 = Release|Any CPU
	EndGlobalSection
EndGlobal
